
Microsoft Visual Studio Solution File, Format Version 12.00
# Visual Studio 2013
VisualStudioVersion = 12.0.21005.1
MinimumVisualStudioVersion = 10.0.40219.1
Project("{FAE04EC0-301F-11D3-BF4B-00C04F79EFBC}") = "HelloWord", "HelloWord\HelloWord.csproj", "{4287764C-1C86-4F10-A1AA-CA05075A7DAD}"
EndProject
Project("{FAE04EC0-301F-11D3-BF4B-00C04F79EFBC}") = "WindowsFormsApplication1", "WindowsFormsApplication1\WindowsFormsApplication1.csproj", "{C9585ED1-D151-4A8E-A5AD-4F7F840F7A32}"
EndProject
Project("{FAE04EC0-301F-11D3-BF4B-00C04F79EFBC}") = "SinaGP", "SinaGP\SinaGP.csproj", "{AA99BFB8-4562-4E5C-B0BF-9B91FBD982CB}"
EndProject
Project("{FAE04EC0-301F-11D3-BF4B-00C04F79EFBC}") = "HelloName", "HelloName\HelloName.csproj", "{CDA375E7-059B-457B-A0F0-DA4C58269A93}"
EndProject
Global
	GlobalSection(SolutionConfigurationPlatforms) = preSolution
		Debug|Any CPU = Debug|Any CPU
		Release|Any CPU = Release|Any CPU
	EndGlobalSection
	GlobalSection(ProjectConfigurationPlatforms) = postSolution
		{4287764C-1C86-4F10-A1AA-CA05075A7DAD}.Debug|Any CPU.ActiveCfg = Debug|Any CPU
		{4287764C-1C86-4F10-A1AA-CA05075A7DAD}.Debug|Any CPU.Build.0 = Debug|Any CPU
		{4287764C-1C86-4F10-A1AA-CA05075A7DAD}.Release|Any CPU.ActiveCfg = Release|Any CPU
		{4287764C-1C86-4F10-A1AA-CA05075A7DAD}.Release|Any CPU.Build.0 = Release|Any CPU
		{C9585ED1-D151-4A8E-A5AD-4F7F840F7A32}.Debug|Any CPU.ActiveCfg = Debug|Any CPU
		{C9585ED1-D151-4A8E-A5AD-4F7F840F7A32}.Debug|Any CPU.Build.0 = Debug|Any CPU
		{C9585ED1-D151-4A8E-A5AD-4F7F840F7A32}.Release|Any CPU.ActiveCfg = Release|Any CPU
		{C9585ED1-D151-4A8E-A5AD-4F7F840F7A32}.Release|Any CPU.Build.0 = Release|Any CPU
		{AA99BFB8-4562-4E5C-B0BF-9B91FBD982CB}.Debug|Any CPU.ActiveCfg = Debug|Any CPU
		{AA99BFB8-4562-4E5C-B0BF-9B91FBD982CB}.Debug|Any CPU.Build.0 = Debug|Any CPU
		{AA99BFB8-4562-4E5C-B0BF-9B91FBD982CB}.Release|Any CPU.ActiveCfg = Release|Any CPU
		{AA99BFB8-4562-4E5C-B0BF-9B91FBD982CB}.Release|Any CPU.Build.0 = Release|Any CPU
		{CDA375E7-059B-457B-A0F0-DA4C58269A93}.Debug|Any CPU.ActiveCfg = Debug|Any CPU
		{CDA375E7-059B-457B-A0F0-DA4C58269A93}.Debug|Any CPU.Build.0 = Debug|Any CPU
		{CDA375E7-059B-457B-A0F0-DA4C58269A93}.Release|Any CPU.ActiveCfg = Release|Any CPU
		{CDA375E7-059B-457B-A0F0-DA4C58269A93}.Release|Any CPU.Build.0 = Release|Any CPU
	EndGlobalSection
	GlobalSection(SolutionProperties) = preSolution
		HideSolutionNode = FALSE
	EndGlobalSection
EndGlobal
