
Microsoft Visual Studio Solution File, Format Version 12.00
# Visual Studio 2013
VisualStudioVersion = 12.0.21005.1
MinimumVisualStudioVersion = 10.0.40219.1
Project("{FAE04EC0-301F-11D3-BF4B-00C04F79EFBC}") = "DJS.BLL", "DJS.BLL\DJS.BLL.csproj", "{BE4C67A7-2989-4CB2-9A89-E1F19CD9AF84}"
EndProject
Project("{FAE04EC0-301F-11D3-BF4B-00C04F79EFBC}") = "DJS.IDAL", "DJS.IDAL\DJS.IDAL.csproj", "{73E9C051-1C9B-48C6-8683-63F5122B9A81}"
EndProject
Project("{FAE04EC0-301F-11D3-BF4B-00C04F79EFBC}") = "DJS.Common", "DJS.Common\DJS.Common.csproj", "{400B27D7-6F55-4908-8005-B4CFA2583E3B}"
EndProject
Project("{FAE04EC0-301F-11D3-BF4B-00C04F79EFBC}") = "DJS.WinApp", "DJS.WinApp\DJS.WinApp.csproj", "{B23F7D42-A9C8-474C-B484-66B03A5C91EF}"
EndProject
Project("{FAE04EC0-301F-11D3-BF4B-00C04F79EFBC}") = "DJS.Model", "DJS.Model\DJS.Model.csproj", "{9583DAAA-114E-4777-A344-9F87C8560C9E}"
EndProject
Project("{FAE04EC0-301F-11D3-BF4B-00C04F79EFBC}") = "DJS.DAL.DataAccessFactory", "DJS.DAL.DataAccessFactory\DJS.DAL.DataAccessFactory.csproj", "{AF48DEA2-9531-465C-A21D-0FBE05B9F9B6}"
EndProject
Project("{FAE04EC0-301F-11D3-BF4B-00C04F79EFBC}") = "DJS.DAL.Redis", "DJS.DAL.Redis\DJS.DAL.Redis.csproj", "{5E858B89-A204-421F-9F03-19D0096153AE}"
EndProject
Project("{FAE04EC0-301F-11D3-BF4B-00C04F79EFBC}") = "DJS.SDK", "DJS.SDK\DJS.SDK.csproj", "{D48CFB6C-E92C-40D1-B621-D056A2954C08}"
EndProject
Project("{FAE04EC0-301F-11D3-BF4B-00C04F79EFBC}") = "DJS.SDK.Service", "DJS.SDK.Service\DJS.SDK.Service.csproj", "{6F271C0F-5855-4AA9-9559-AC11669A793E}"
EndProject
Global
	GlobalSection(SolutionConfigurationPlatforms) = preSolution
		Debug|Any CPU = Debug|Any CPU
		Release|Any CPU = Release|Any CPU
	EndGlobalSection
	GlobalSection(ProjectConfigurationPlatforms) = postSolution
		{BE4C67A7-2989-4CB2-9A89-E1F19CD9AF84}.Debug|Any CPU.ActiveCfg = Debug|Any CPU
		{BE4C67A7-2989-4CB2-9A89-E1F19CD9AF84}.Debug|Any CPU.Build.0 = Debug|Any CPU
		{BE4C67A7-2989-4CB2-9A89-E1F19CD9AF84}.Release|Any CPU.ActiveCfg = Release|Any CPU
		{BE4C67A7-2989-4CB2-9A89-E1F19CD9AF84}.Release|Any CPU.Build.0 = Release|Any CPU
		{73E9C051-1C9B-48C6-8683-63F5122B9A81}.Debug|Any CPU.ActiveCfg = Debug|Any CPU
		{73E9C051-1C9B-48C6-8683-63F5122B9A81}.Debug|Any CPU.Build.0 = Debug|Any CPU
		{73E9C051-1C9B-48C6-8683-63F5122B9A81}.Release|Any CPU.ActiveCfg = Release|Any CPU
		{73E9C051-1C9B-48C6-8683-63F5122B9A81}.Release|Any CPU.Build.0 = Release|Any CPU
		{400B27D7-6F55-4908-8005-B4CFA2583E3B}.Debug|Any CPU.ActiveCfg = Debug|Any CPU
		{400B27D7-6F55-4908-8005-B4CFA2583E3B}.Debug|Any CPU.Build.0 = Debug|Any CPU
		{400B27D7-6F55-4908-8005-B4CFA2583E3B}.Release|Any CPU.ActiveCfg = Release|Any CPU
		{400B27D7-6F55-4908-8005-B4CFA2583E3B}.Release|Any CPU.Build.0 = Release|Any CPU
		{B23F7D42-A9C8-474C-B484-66B03A5C91EF}.Debug|Any CPU.ActiveCfg = Debug|Any CPU
		{B23F7D42-A9C8-474C-B484-66B03A5C91EF}.Debug|Any CPU.Build.0 = Debug|Any CPU
		{B23F7D42-A9C8-474C-B484-66B03A5C91EF}.Release|Any CPU.ActiveCfg = Release|Any CPU
		{B23F7D42-A9C8-474C-B484-66B03A5C91EF}.Release|Any CPU.Build.0 = Release|Any CPU
		{9583DAAA-114E-4777-A344-9F87C8560C9E}.Debug|Any CPU.ActiveCfg = Debug|Any CPU
		{9583DAAA-114E-4777-A344-9F87C8560C9E}.Debug|Any CPU.Build.0 = Debug|Any CPU
		{9583DAAA-114E-4777-A344-9F87C8560C9E}.Release|Any CPU.ActiveCfg = Release|Any CPU
		{9583DAAA-114E-4777-A344-9F87C8560C9E}.Release|Any CPU.Build.0 = Release|Any CPU
		{AF48DEA2-9531-465C-A21D-0FBE05B9F9B6}.Debug|Any CPU.ActiveCfg = Debug|Any CPU
		{AF48DEA2-9531-465C-A21D-0FBE05B9F9B6}.Debug|Any CPU.Build.0 = Debug|Any CPU
		{AF48DEA2-9531-465C-A21D-0FBE05B9F9B6}.Release|Any CPU.ActiveCfg = Release|Any CPU
		{AF48DEA2-9531-465C-A21D-0FBE05B9F9B6}.Release|Any CPU.Build.0 = Release|Any CPU
		{5E858B89-A204-421F-9F03-19D0096153AE}.Debug|Any CPU.ActiveCfg = Debug|Any CPU
		{5E858B89-A204-421F-9F03-19D0096153AE}.Debug|Any CPU.Build.0 = Debug|Any CPU
		{5E858B89-A204-421F-9F03-19D0096153AE}.Release|Any CPU.ActiveCfg = Release|Any CPU
		{5E858B89-A204-421F-9F03-19D0096153AE}.Release|Any CPU.Build.0 = Release|Any CPU
		{D48CFB6C-E92C-40D1-B621-D056A2954C08}.Debug|Any CPU.ActiveCfg = Debug|Any CPU
		{D48CFB6C-E92C-40D1-B621-D056A2954C08}.Debug|Any CPU.Build.0 = Debug|Any CPU
		{D48CFB6C-E92C-40D1-B621-D056A2954C08}.Release|Any CPU.ActiveCfg = Release|Any CPU
		{D48CFB6C-E92C-40D1-B621-D056A2954C08}.Release|Any CPU.Build.0 = Release|Any CPU
		{6F271C0F-5855-4AA9-9559-AC11669A793E}.Debug|Any CPU.ActiveCfg = Debug|Any CPU
		{6F271C0F-5855-4AA9-9559-AC11669A793E}.Debug|Any CPU.Build.0 = Debug|Any CPU
		{6F271C0F-5855-4AA9-9559-AC11669A793E}.Release|Any CPU.ActiveCfg = Release|Any CPU
		{6F271C0F-5855-4AA9-9559-AC11669A793E}.Release|Any CPU.Build.0 = Release|Any CPU
	EndGlobalSection
	GlobalSection(SolutionProperties) = preSolution
		HideSolutionNode = FALSE
	EndGlobalSection
EndGlobal
