
Microsoft Visual Studio Solution File, Format Version 12.00
# Visual Studio 15
VisualStudioVersion = 15.0.27004.2006
MinimumVisualStudioVersion = 10.0.40219.1
Project("{2150E333-8FDC-42A3-9474-1A3956D46DE8}") = "DJS.Core", "DJS.Core", "{C92637DC-90AE-4F01-A2F7-14852FE04897}"
EndProject
Project("{9A19103F-16F7-4668-BE54-9A1E7A4F7556}") = "DJS.Scheduler.WinApp", "DJS.Scheduler.WinApp\DJS.Scheduler.WinApp.csproj", "{31277CA4-913A-4FDF-8EA7-337E0549D34A}"
EndProject
Project("{9A19103F-16F7-4668-BE54-9A1E7A4F7556}") = "DJS.Core.Common", "DJS.Core.Common\DJS.Core.Common.csproj", "{8ACDA8A4-6D1E-4F01-889E-BFFCE7339EAD}"
EndProject
Project("{9A19103F-16F7-4668-BE54-9A1E7A4F7556}") = "DJS.Execute.WinApp", "DJS.Execute.WinApp\DJS.Execute.WinApp.csproj", "{5516145F-2DDE-41F4-B45F-327C9BAD1FC8}"
EndProject
Project("{9A19103F-16F7-4668-BE54-9A1E7A4F7556}") = "DJS.Manage.WebApp", "DJS.Manage.WebApp\DJS.Manage.WebApp.csproj", "{161E8CB8-8680-44AC-8381-43F7D229937F}"
EndProject
Project("{9A19103F-16F7-4668-BE54-9A1E7A4F7556}") = "DJS.Core.System", "DJS.Core.System\DJS.Core.System.csproj", "{768D9CC3-7AF9-450A-B739-99B8FD141EDB}"
EndProject
Project("{9A19103F-16F7-4668-BE54-9A1E7A4F7556}") = "DJS.Core.Scheduler", "DJS.Core.Scheduler\DJS.Core.Scheduler.csproj", "{3BA313F9-6047-4A17-9128-ACC313EF2F3F}"
EndProject
Project("{9A19103F-16F7-4668-BE54-9A1E7A4F7556}") = "DJS.Core.Execute", "DJS.Core.Execute\DJS.Core.Execute.csproj", "{B22D8439-F3DF-474C-80FB-703956CA3BDB}"
EndProject
Project("{9A19103F-16F7-4668-BE54-9A1E7A4F7556}") = "DJS.Core.Log", "DJS.Core.Log\DJS.Core.Log.csproj", "{7CC16073-5CFD-4006-93EA-83C32978673A}"
EndProject
Project("{9A19103F-16F7-4668-BE54-9A1E7A4F7556}") = "DJS.Core.Caching", "DJS.Core.Caching\DJS.Core.Caching.csproj", "{98706F60-511B-4A45-98DB-8A8F475A51A2}"
EndProject
Project("{9A19103F-16F7-4668-BE54-9A1E7A4F7556}") = "DJS.Core.DB", "DJS.Core.DB\DJS.Core.DB.csproj", "{147B6AA9-3FEF-4C5E-8CBE-6333A225137E}"
EndProject
Project("{9A19103F-16F7-4668-BE54-9A1E7A4F7556}") = "DJS.UnitTest", "DJS.UnitTest\DJS.UnitTest.csproj", "{115ED8A8-AED4-4145-B3FB-538EEC2B8181}"
EndProject
Project("{9A19103F-16F7-4668-BE54-9A1E7A4F7556}") = "DJS.Core.CPlatform", "DJS.Core.CPlatform\DJS.Core.CPlatform.csproj", "{D4234C4D-E0E9-46FD-B85B-91BE56E5020F}"
EndProject
Project("{9A19103F-16F7-4668-BE54-9A1E7A4F7556}") = "DJS.Core.DotNetty", "DJS.Core.DotNetty\DJS.Core.DotNetty.csproj", "{C71B064B-58AD-4156-9457-A4F568A619E7}"
EndProject
Project("{9A19103F-16F7-4668-BE54-9A1E7A4F7556}") = "DJS.Core.Server", "DJS.Core.Server\DJS.Core.Server.csproj", "{AEEB33BF-E65C-4D95-9035-458906A9675C}"
EndProject
Project("{9A19103F-16F7-4668-BE54-9A1E7A4F7556}") = "DJS.Server.WinApp", "DJS.Server.WinApp\DJS.Server.WinApp.csproj", "{7BCC75A1-2B7B-45EF-842F-CB76708AEF18}"
EndProject
Project("{9A19103F-16F7-4668-BE54-9A1E7A4F7556}") = "DJS.FileServer.WebApp", "DJS.FileServer.WebApp\DJS.FileServer.WebApp.csproj", "{9A39046B-1A4A-473C-A571-D84A73C27A8B}"
EndProject
Project("{FAE04EC0-301F-11D3-BF4B-00C04F79EFBC}") = "DJS.Core.Model", "DJS.Core.Model\DJS.Core.Model.csproj", "{FEAE71D0-86C5-48BA-9C4B-34514B8F5FE2}"
EndProject
Global
	GlobalSection(SolutionConfigurationPlatforms) = preSolution
		Debug|Any CPU = Debug|Any CPU
		Release|Any CPU = Release|Any CPU
	EndGlobalSection
	GlobalSection(ProjectConfigurationPlatforms) = postSolution
		{31277CA4-913A-4FDF-8EA7-337E0549D34A}.Debug|Any CPU.ActiveCfg = Debug|Any CPU
		{31277CA4-913A-4FDF-8EA7-337E0549D34A}.Debug|Any CPU.Build.0 = Debug|Any CPU
		{31277CA4-913A-4FDF-8EA7-337E0549D34A}.Release|Any CPU.ActiveCfg = Release|Any CPU
		{31277CA4-913A-4FDF-8EA7-337E0549D34A}.Release|Any CPU.Build.0 = Release|Any CPU
		{8ACDA8A4-6D1E-4F01-889E-BFFCE7339EAD}.Debug|Any CPU.ActiveCfg = Debug|Any CPU
		{8ACDA8A4-6D1E-4F01-889E-BFFCE7339EAD}.Debug|Any CPU.Build.0 = Debug|Any CPU
		{8ACDA8A4-6D1E-4F01-889E-BFFCE7339EAD}.Release|Any CPU.ActiveCfg = Release|Any CPU
		{8ACDA8A4-6D1E-4F01-889E-BFFCE7339EAD}.Release|Any CPU.Build.0 = Release|Any CPU
		{5516145F-2DDE-41F4-B45F-327C9BAD1FC8}.Debug|Any CPU.ActiveCfg = Debug|Any CPU
		{5516145F-2DDE-41F4-B45F-327C9BAD1FC8}.Debug|Any CPU.Build.0 = Debug|Any CPU
		{5516145F-2DDE-41F4-B45F-327C9BAD1FC8}.Release|Any CPU.ActiveCfg = Release|Any CPU
		{5516145F-2DDE-41F4-B45F-327C9BAD1FC8}.Release|Any CPU.Build.0 = Release|Any CPU
		{161E8CB8-8680-44AC-8381-43F7D229937F}.Debug|Any CPU.ActiveCfg = Debug|Any CPU
		{161E8CB8-8680-44AC-8381-43F7D229937F}.Debug|Any CPU.Build.0 = Debug|Any CPU
		{161E8CB8-8680-44AC-8381-43F7D229937F}.Release|Any CPU.ActiveCfg = Release|Any CPU
		{161E8CB8-8680-44AC-8381-43F7D229937F}.Release|Any CPU.Build.0 = Release|Any CPU
		{768D9CC3-7AF9-450A-B739-99B8FD141EDB}.Debug|Any CPU.ActiveCfg = Debug|Any CPU
		{768D9CC3-7AF9-450A-B739-99B8FD141EDB}.Debug|Any CPU.Build.0 = Debug|Any CPU
		{768D9CC3-7AF9-450A-B739-99B8FD141EDB}.Release|Any CPU.ActiveCfg = Release|Any CPU
		{768D9CC3-7AF9-450A-B739-99B8FD141EDB}.Release|Any CPU.Build.0 = Release|Any CPU
		{3BA313F9-6047-4A17-9128-ACC313EF2F3F}.Debug|Any CPU.ActiveCfg = Debug|Any CPU
		{3BA313F9-6047-4A17-9128-ACC313EF2F3F}.Debug|Any CPU.Build.0 = Debug|Any CPU
		{3BA313F9-6047-4A17-9128-ACC313EF2F3F}.Release|Any CPU.ActiveCfg = Release|Any CPU
		{3BA313F9-6047-4A17-9128-ACC313EF2F3F}.Release|Any CPU.Build.0 = Release|Any CPU
		{B22D8439-F3DF-474C-80FB-703956CA3BDB}.Debug|Any CPU.ActiveCfg = Debug|Any CPU
		{B22D8439-F3DF-474C-80FB-703956CA3BDB}.Debug|Any CPU.Build.0 = Debug|Any CPU
		{B22D8439-F3DF-474C-80FB-703956CA3BDB}.Release|Any CPU.ActiveCfg = Release|Any CPU
		{B22D8439-F3DF-474C-80FB-703956CA3BDB}.Release|Any CPU.Build.0 = Release|Any CPU
		{7CC16073-5CFD-4006-93EA-83C32978673A}.Debug|Any CPU.ActiveCfg = Debug|Any CPU
		{7CC16073-5CFD-4006-93EA-83C32978673A}.Debug|Any CPU.Build.0 = Debug|Any CPU
		{7CC16073-5CFD-4006-93EA-83C32978673A}.Release|Any CPU.ActiveCfg = Release|Any CPU
		{7CC16073-5CFD-4006-93EA-83C32978673A}.Release|Any CPU.Build.0 = Release|Any CPU
		{98706F60-511B-4A45-98DB-8A8F475A51A2}.Debug|Any CPU.ActiveCfg = Debug|Any CPU
		{98706F60-511B-4A45-98DB-8A8F475A51A2}.Debug|Any CPU.Build.0 = Debug|Any CPU
		{98706F60-511B-4A45-98DB-8A8F475A51A2}.Release|Any CPU.ActiveCfg = Release|Any CPU
		{98706F60-511B-4A45-98DB-8A8F475A51A2}.Release|Any CPU.Build.0 = Release|Any CPU
		{147B6AA9-3FEF-4C5E-8CBE-6333A225137E}.Debug|Any CPU.ActiveCfg = Debug|Any CPU
		{147B6AA9-3FEF-4C5E-8CBE-6333A225137E}.Debug|Any CPU.Build.0 = Debug|Any CPU
		{147B6AA9-3FEF-4C5E-8CBE-6333A225137E}.Release|Any CPU.ActiveCfg = Release|Any CPU
		{147B6AA9-3FEF-4C5E-8CBE-6333A225137E}.Release|Any CPU.Build.0 = Release|Any CPU
		{115ED8A8-AED4-4145-B3FB-538EEC2B8181}.Debug|Any CPU.ActiveCfg = Debug|Any CPU
		{115ED8A8-AED4-4145-B3FB-538EEC2B8181}.Debug|Any CPU.Build.0 = Debug|Any CPU
		{115ED8A8-AED4-4145-B3FB-538EEC2B8181}.Release|Any CPU.ActiveCfg = Release|Any CPU
		{115ED8A8-AED4-4145-B3FB-538EEC2B8181}.Release|Any CPU.Build.0 = Release|Any CPU
		{D4234C4D-E0E9-46FD-B85B-91BE56E5020F}.Debug|Any CPU.ActiveCfg = Debug|Any CPU
		{D4234C4D-E0E9-46FD-B85B-91BE56E5020F}.Debug|Any CPU.Build.0 = Debug|Any CPU
		{D4234C4D-E0E9-46FD-B85B-91BE56E5020F}.Release|Any CPU.ActiveCfg = Release|Any CPU
		{D4234C4D-E0E9-46FD-B85B-91BE56E5020F}.Release|Any CPU.Build.0 = Release|Any CPU
		{C71B064B-58AD-4156-9457-A4F568A619E7}.Debug|Any CPU.ActiveCfg = Debug|Any CPU
		{C71B064B-58AD-4156-9457-A4F568A619E7}.Debug|Any CPU.Build.0 = Debug|Any CPU
		{C71B064B-58AD-4156-9457-A4F568A619E7}.Release|Any CPU.ActiveCfg = Release|Any CPU
		{C71B064B-58AD-4156-9457-A4F568A619E7}.Release|Any CPU.Build.0 = Release|Any CPU
		{AEEB33BF-E65C-4D95-9035-458906A9675C}.Debug|Any CPU.ActiveCfg = Debug|Any CPU
		{AEEB33BF-E65C-4D95-9035-458906A9675C}.Debug|Any CPU.Build.0 = Debug|Any CPU
		{AEEB33BF-E65C-4D95-9035-458906A9675C}.Release|Any CPU.ActiveCfg = Release|Any CPU
		{AEEB33BF-E65C-4D95-9035-458906A9675C}.Release|Any CPU.Build.0 = Release|Any CPU
		{7BCC75A1-2B7B-45EF-842F-CB76708AEF18}.Debug|Any CPU.ActiveCfg = Debug|Any CPU
		{7BCC75A1-2B7B-45EF-842F-CB76708AEF18}.Debug|Any CPU.Build.0 = Debug|Any CPU
		{7BCC75A1-2B7B-45EF-842F-CB76708AEF18}.Release|Any CPU.ActiveCfg = Release|Any CPU
		{7BCC75A1-2B7B-45EF-842F-CB76708AEF18}.Release|Any CPU.Build.0 = Release|Any CPU
		{9A39046B-1A4A-473C-A571-D84A73C27A8B}.Debug|Any CPU.ActiveCfg = Debug|Any CPU
		{9A39046B-1A4A-473C-A571-D84A73C27A8B}.Debug|Any CPU.Build.0 = Debug|Any CPU
		{9A39046B-1A4A-473C-A571-D84A73C27A8B}.Release|Any CPU.ActiveCfg = Release|Any CPU
		{9A39046B-1A4A-473C-A571-D84A73C27A8B}.Release|Any CPU.Build.0 = Release|Any CPU
		{FEAE71D0-86C5-48BA-9C4B-34514B8F5FE2}.Debug|Any CPU.ActiveCfg = Debug|Any CPU
		{FEAE71D0-86C5-48BA-9C4B-34514B8F5FE2}.Debug|Any CPU.Build.0 = Debug|Any CPU
		{FEAE71D0-86C5-48BA-9C4B-34514B8F5FE2}.Release|Any CPU.ActiveCfg = Release|Any CPU
		{FEAE71D0-86C5-48BA-9C4B-34514B8F5FE2}.Release|Any CPU.Build.0 = Release|Any CPU
	EndGlobalSection
	GlobalSection(SolutionProperties) = preSolution
		HideSolutionNode = FALSE
	EndGlobalSection
	GlobalSection(NestedProjects) = preSolution
		{8ACDA8A4-6D1E-4F01-889E-BFFCE7339EAD} = {C92637DC-90AE-4F01-A2F7-14852FE04897}
		{768D9CC3-7AF9-450A-B739-99B8FD141EDB} = {C92637DC-90AE-4F01-A2F7-14852FE04897}
		{3BA313F9-6047-4A17-9128-ACC313EF2F3F} = {C92637DC-90AE-4F01-A2F7-14852FE04897}
		{B22D8439-F3DF-474C-80FB-703956CA3BDB} = {C92637DC-90AE-4F01-A2F7-14852FE04897}
		{7CC16073-5CFD-4006-93EA-83C32978673A} = {C92637DC-90AE-4F01-A2F7-14852FE04897}
		{98706F60-511B-4A45-98DB-8A8F475A51A2} = {C92637DC-90AE-4F01-A2F7-14852FE04897}
		{147B6AA9-3FEF-4C5E-8CBE-6333A225137E} = {C92637DC-90AE-4F01-A2F7-14852FE04897}
		{D4234C4D-E0E9-46FD-B85B-91BE56E5020F} = {C92637DC-90AE-4F01-A2F7-14852FE04897}
		{C71B064B-58AD-4156-9457-A4F568A619E7} = {C92637DC-90AE-4F01-A2F7-14852FE04897}
		{AEEB33BF-E65C-4D95-9035-458906A9675C} = {C92637DC-90AE-4F01-A2F7-14852FE04897}
		{FEAE71D0-86C5-48BA-9C4B-34514B8F5FE2} = {C92637DC-90AE-4F01-A2F7-14852FE04897}
	EndGlobalSection
	GlobalSection(ExtensibilityGlobals) = postSolution
		SolutionGuid = {93E6AE6D-6F11-4158-B70D-BE342F29C13B}
	EndGlobalSection
EndGlobal
