
Microsoft Visual Studio Solution File, Format Version 12.00
# Visual Studio 15
VisualStudioVersion = 15.0.27004.2006
MinimumVisualStudioVersion = 10.0.40219.1
Project("{2150E333-8FDC-42A3-9474-1A3956D46DE8}") = "DJS.Core", "DJS.Core", "{C92637DC-90AE-4F01-A2F7-14852FE04897}"
EndProject
Project("{9A19103F-16F7-4668-BE54-9A1E7A4F7556}") = "DJS.Scheduler.WinApp", "DJS.Scheduler.WinApp\DJS.Scheduler.WinApp.csproj", "{31277CA4-913A-4FDF-8EA7-337E0549D34A}"
EndProject
Project("{9A19103F-16F7-4668-BE54-9A1E7A4F7556}") = "DJS.Core.Common", "DJS.Core.Common\DJS.Core.Common.csproj", "{8ACDA8A4-6D1E-4F01-889E-BFFCE7339EAD}"
EndProject
Project("{9A19103F-16F7-4668-BE54-9A1E7A4F7556}") = "DJS.Execute.WinApp", "DJS.Execute.WinApp\DJS.Execute.WinApp.csproj", "{5516145F-2DDE-41F4-B45F-327C9BAD1FC8}"
EndProject
Project("{9A19103F-16F7-4668-BE54-9A1E7A4F7556}") = "DJS.Manage.WebApp", "DJS.Manage.WebApp\DJS.Manage.WebApp.csproj", "{161E8CB8-8680-44AC-8381-43F7D229937F}"
EndProject
Project("{FAE04EC0-301F-11D3-BF4B-00C04F79EFBC}") = "DJS.Core.System", "DJS.Core.System\DJS.Core.System.csproj", "{768D9CC3-7AF9-450A-B739-99B8FD141EDB}"
EndProject
Project("{FAE04EC0-301F-11D3-BF4B-00C04F79EFBC}") = "DJS.Core.Scheduler", "DJS.Core.Scheduler\DJS.Core.Scheduler.csproj", "{3BA313F9-6047-4A17-9128-ACC313EF2F3F}"
EndProject
Project("{FAE04EC0-301F-11D3-BF4B-00C04F79EFBC}") = "DJS.Core.Execute", "DJS.Core.Execute\DJS.Core.Execute.csproj", "{B22D8439-F3DF-474C-80FB-703956CA3BDB}"
EndProject
Project("{FAE04EC0-301F-11D3-BF4B-00C04F79EFBC}") = "DJS.Core.Log", "DJS.Core.Log\DJS.Core.Log.csproj", "{7CC16073-5CFD-4006-93EA-83C32978673A}"
EndProject
Project("{FAE04EC0-301F-11D3-BF4B-00C04F79EFBC}") = "DJS.Core.Caching", "DJS.Core.Caching\DJS.Core.Caching.csproj", "{98706F60-511B-4A45-98DB-8A8F475A51A2}"
EndProject
Project("{FAE04EC0-301F-11D3-BF4B-00C04F79EFBC}") = "DJS.Core.DB", "DJS.Core.DB\DJS.Core.DB.csproj", "{147B6AA9-3FEF-4C5E-8CBE-6333A225137E}"
EndProject
Project("{FAE04EC0-301F-11D3-BF4B-00C04F79EFBC}") = "DJS.Core.Net", "DJS.Core.Net\DJS.Core.Net.csproj", "{1643A63D-40F6-4551-A6A5-7299B7058DDE}"
EndProject
Global
	GlobalSection(SolutionConfigurationPlatforms) = preSolution
		Debug|Any CPU = Debug|Any CPU
		Release|Any CPU = Release|Any CPU
	EndGlobalSection
	GlobalSection(ProjectConfigurationPlatforms) = postSolution
		{31277CA4-913A-4FDF-8EA7-337E0549D34A}.Debug|Any CPU.ActiveCfg = Debug|Any CPU
		{31277CA4-913A-4FDF-8EA7-337E0549D34A}.Debug|Any CPU.Build.0 = Debug|Any CPU
		{31277CA4-913A-4FDF-8EA7-337E0549D34A}.Release|Any CPU.ActiveCfg = Release|Any CPU
		{31277CA4-913A-4FDF-8EA7-337E0549D34A}.Release|Any CPU.Build.0 = Release|Any CPU
		{8ACDA8A4-6D1E-4F01-889E-BFFCE7339EAD}.Debug|Any CPU.ActiveCfg = Debug|Any CPU
		{8ACDA8A4-6D1E-4F01-889E-BFFCE7339EAD}.Debug|Any CPU.Build.0 = Debug|Any CPU
		{8ACDA8A4-6D1E-4F01-889E-BFFCE7339EAD}.Release|Any CPU.ActiveCfg = Release|Any CPU
		{8ACDA8A4-6D1E-4F01-889E-BFFCE7339EAD}.Release|Any CPU.Build.0 = Release|Any CPU
		{5516145F-2DDE-41F4-B45F-327C9BAD1FC8}.Debug|Any CPU.ActiveCfg = Debug|Any CPU
		{5516145F-2DDE-41F4-B45F-327C9BAD1FC8}.Debug|Any CPU.Build.0 = Debug|Any CPU
		{5516145F-2DDE-41F4-B45F-327C9BAD1FC8}.Release|Any CPU.ActiveCfg = Release|Any CPU
		{5516145F-2DDE-41F4-B45F-327C9BAD1FC8}.Release|Any CPU.Build.0 = Release|Any CPU
		{161E8CB8-8680-44AC-8381-43F7D229937F}.Debug|Any CPU.ActiveCfg = Debug|Any CPU
		{161E8CB8-8680-44AC-8381-43F7D229937F}.Debug|Any CPU.Build.0 = Debug|Any CPU
		{161E8CB8-8680-44AC-8381-43F7D229937F}.Release|Any CPU.ActiveCfg = Release|Any CPU
		{161E8CB8-8680-44AC-8381-43F7D229937F}.Release|Any CPU.Build.0 = Release|Any CPU
		{768D9CC3-7AF9-450A-B739-99B8FD141EDB}.Debug|Any CPU.ActiveCfg = Debug|Any CPU
		{768D9CC3-7AF9-450A-B739-99B8FD141EDB}.Debug|Any CPU.Build.0 = Debug|Any CPU
		{768D9CC3-7AF9-450A-B739-99B8FD141EDB}.Release|Any CPU.ActiveCfg = Release|Any CPU
		{768D9CC3-7AF9-450A-B739-99B8FD141EDB}.Release|Any CPU.Build.0 = Release|Any CPU
		{3BA313F9-6047-4A17-9128-ACC313EF2F3F}.Debug|Any CPU.ActiveCfg = Debug|Any CPU
		{3BA313F9-6047-4A17-9128-ACC313EF2F3F}.Debug|Any CPU.Build.0 = Debug|Any CPU
		{3BA313F9-6047-4A17-9128-ACC313EF2F3F}.Release|Any CPU.ActiveCfg = Release|Any CPU
		{3BA313F9-6047-4A17-9128-ACC313EF2F3F}.Release|Any CPU.Build.0 = Release|Any CPU
		{B22D8439-F3DF-474C-80FB-703956CA3BDB}.Debug|Any CPU.ActiveCfg = Debug|Any CPU
		{B22D8439-F3DF-474C-80FB-703956CA3BDB}.Debug|Any CPU.Build.0 = Debug|Any CPU
		{B22D8439-F3DF-474C-80FB-703956CA3BDB}.Release|Any CPU.ActiveCfg = Release|Any CPU
		{B22D8439-F3DF-474C-80FB-703956CA3BDB}.Release|Any CPU.Build.0 = Release|Any CPU
		{7CC16073-5CFD-4006-93EA-83C32978673A}.Debug|Any CPU.ActiveCfg = Debug|Any CPU
		{7CC16073-5CFD-4006-93EA-83C32978673A}.Debug|Any CPU.Build.0 = Debug|Any CPU
		{7CC16073-5CFD-4006-93EA-83C32978673A}.Release|Any CPU.ActiveCfg = Release|Any CPU
		{7CC16073-5CFD-4006-93EA-83C32978673A}.Release|Any CPU.Build.0 = Release|Any CPU
		{98706F60-511B-4A45-98DB-8A8F475A51A2}.Debug|Any CPU.ActiveCfg = Debug|Any CPU
		{98706F60-511B-4A45-98DB-8A8F475A51A2}.Debug|Any CPU.Build.0 = Debug|Any CPU
		{98706F60-511B-4A45-98DB-8A8F475A51A2}.Release|Any CPU.ActiveCfg = Release|Any CPU
		{98706F60-511B-4A45-98DB-8A8F475A51A2}.Release|Any CPU.Build.0 = Release|Any CPU
		{147B6AA9-3FEF-4C5E-8CBE-6333A225137E}.Debug|Any CPU.ActiveCfg = Debug|Any CPU
		{147B6AA9-3FEF-4C5E-8CBE-6333A225137E}.Debug|Any CPU.Build.0 = Debug|Any CPU
		{147B6AA9-3FEF-4C5E-8CBE-6333A225137E}.Release|Any CPU.ActiveCfg = Release|Any CPU
		{147B6AA9-3FEF-4C5E-8CBE-6333A225137E}.Release|Any CPU.Build.0 = Release|Any CPU
		{1643A63D-40F6-4551-A6A5-7299B7058DDE}.Debug|Any CPU.ActiveCfg = Debug|Any CPU
		{1643A63D-40F6-4551-A6A5-7299B7058DDE}.Debug|Any CPU.Build.0 = Debug|Any CPU
		{1643A63D-40F6-4551-A6A5-7299B7058DDE}.Release|Any CPU.ActiveCfg = Release|Any CPU
		{1643A63D-40F6-4551-A6A5-7299B7058DDE}.Release|Any CPU.Build.0 = Release|Any CPU
	EndGlobalSection
	GlobalSection(SolutionProperties) = preSolution
		HideSolutionNode = FALSE
	EndGlobalSection
	GlobalSection(NestedProjects) = preSolution
		{8ACDA8A4-6D1E-4F01-889E-BFFCE7339EAD} = {C92637DC-90AE-4F01-A2F7-14852FE04897}
		{768D9CC3-7AF9-450A-B739-99B8FD141EDB} = {C92637DC-90AE-4F01-A2F7-14852FE04897}
		{3BA313F9-6047-4A17-9128-ACC313EF2F3F} = {C92637DC-90AE-4F01-A2F7-14852FE04897}
		{B22D8439-F3DF-474C-80FB-703956CA3BDB} = {C92637DC-90AE-4F01-A2F7-14852FE04897}
		{7CC16073-5CFD-4006-93EA-83C32978673A} = {C92637DC-90AE-4F01-A2F7-14852FE04897}
		{98706F60-511B-4A45-98DB-8A8F475A51A2} = {C92637DC-90AE-4F01-A2F7-14852FE04897}
		{147B6AA9-3FEF-4C5E-8CBE-6333A225137E} = {C92637DC-90AE-4F01-A2F7-14852FE04897}
		{1643A63D-40F6-4551-A6A5-7299B7058DDE} = {C92637DC-90AE-4F01-A2F7-14852FE04897}
	EndGlobalSection
	GlobalSection(ExtensibilityGlobals) = postSolution
		SolutionGuid = {93E6AE6D-6F11-4158-B70D-BE342F29C13B}
	EndGlobalSection
EndGlobal
